
Microsoft Visual Studio Solution File, Format Version 12.00
# Visual Studio Version 17
VisualStudioVersion = 17.0.31903.59
MinimumVisualStudioVersion = 10.0.40219.1
Project("{FAE04EC0-301F-11D3-BF4B-00C04F79EFBC}") = "sample1", "sample1\sample1.csproj", "{FE423806-5A4B-40B2-B3A5-2BDE371E49BA}"
EndProject
Project("{FAE04EC0-301F-11D3-BF4B-00C04F79EFBC}") = "sample1.test", "sample1.test\sample1.test.csproj", "{79ECCDF3-C9A5-4E99-9D92-63C350E80236}"
EndProject
Global
	GlobalSection(SolutionConfigurationPlatforms) = preSolution
		Debug|Any CPU = Debug|Any CPU
		Release|Any CPU = Release|Any CPU
	EndGlobalSection
	GlobalSection(SolutionProperties) = preSolution
		HideSolutionNode = FALSE
	EndGlobalSection
	GlobalSection(ProjectConfigurationPlatforms) = postSolution
		{FE423806-5A4B-40B2-B3A5-2BDE371E49BA}.Debug|Any CPU.ActiveCfg = Debug|Any CPU
		{FE423806-5A4B-40B2-B3A5-2BDE371E49BA}.Debug|Any CPU.Build.0 = Debug|Any CPU
		{FE423806-5A4B-40B2-B3A5-2BDE371E49BA}.Release|Any CPU.ActiveCfg = Release|Any CPU
		{FE423806-5A4B-40B2-B3A5-2BDE371E49BA}.Release|Any CPU.Build.0 = Release|Any CPU
		{79ECCDF3-C9A5-4E99-9D92-63C350E80236}.Debug|Any CPU.ActiveCfg = Debug|Any CPU
		{79ECCDF3-C9A5-4E99-9D92-63C350E80236}.Debug|Any CPU.Build.0 = Debug|Any CPU
		{79ECCDF3-C9A5-4E99-9D92-63C350E80236}.Release|Any CPU.ActiveCfg = Release|Any CPU
		{79ECCDF3-C9A5-4E99-9D92-63C350E80236}.Release|Any CPU.Build.0 = Release|Any CPU
	EndGlobalSection
EndGlobal
